<Solution>
  <Folder Name="/Solution Items/">
    <File Path="README.md" />
  </Folder>
  <Folder Name="/src/" />
  <Folder Name="/src/Backend/">
    <Project Path="src/Backend/GrowdevApi.Api/GrowdevApi.Api.csproj" />
    <Project Path="src/Backend/GrowdevApi.Aplicacao/GrowdevApi.Aplicacao.csproj" />
    <Project Path="src/Backend/GrowdevApi.Dominio/GrowdevApi.Dominio.csproj" />
    <Project Path="src/Backend/GrowdevApi.Infraestrutura/GrowdevApi.Infraestrutura.csproj" />
  </Folder>
  <Folder Name="/src/Shared/">
    <Project Path="src/Shared/GrowdevApi.Comunicacao/GrowdevApi.Comunicacao.csproj" />
    <Project Path="src/Shared/GrowdevApi.Excecao/GrowdevApi.Excecao.csproj" />
  </Folder>
  <Folder Name="/tests/">
    <Project Path="tests/Integracao.Test/Integracao.Test.csproj" Id="f39fb38e-3395-47ac-ba6c-5157986a7cb1" />
    <Project Path="tests/TestUtil/TestUtil.csproj" Id="3334ceb5-f1ef-48c0-8fec-92c36f100f24" />
    <Project Path="tests/UnidadeCasosDeUso.Test/UnidadeCasosDeUso.Test.csproj" Id="9e34df87-81b6-4caf-afd8-0efb046c97d9" />
    <Project Path="tests/UnidadeValidadores.Test/UnidadeValidadores.Test.csproj" Id="5d1f1329-3324-437c-8db5-ff10e6a5c1db" />
  </Folder>
</Solution>
